
Microsoft Visual Studio Solution File, Format Version 12.00
# Visual Studio Version 17
VisualStudioVersion = 17.4.33122.133
MinimumVisualStudioVersion = 10.0.40219.1
Project("{FAE04EC0-301F-11D3-BF4B-00C04F79EFBC}") = "CardLinq", "CardLinq.csproj", "{91BEE0BC-4754-40F6-8B20-DA4A07698628}"
EndProject
Global
	GlobalSection(SolutionConfigurationPlatforms) = preSolution
		Debug|Any CPU = Debug|Any CPU
		Release|Any CPU = Release|Any CPU
	EndGlobalSection
	GlobalSection(ProjectConfigurationPlatforms) = postSolution
		{91BEE0BC-4754-40F6-8B20-DA4A07698628}.Debug|Any CPU.ActiveCfg = Debug|Any CPU
		{91BEE0BC-4754-40F6-8B20-DA4A07698628}.Debug|Any CPU.Build.0 = Debug|Any CPU
		{91BEE0BC-4754-40F6-8B20-DA4A07698628}.Release|Any CPU.ActiveCfg = Release|Any CPU
		{91BEE0BC-4754-40F6-8B20-DA4A07698628}.Release|Any CPU.Build.0 = Release|Any CPU
	EndGlobalSection
	GlobalSection(SolutionProperties) = preSolution
		HideSolutionNode = FALSE
	EndGlobalSection
	GlobalSection(ExtensibilityGlobals) = postSolution
		SolutionGuid = {363F9F5D-CCBA-4322-A9EB-0A29254ED473}
	EndGlobalSection
EndGlobal
